
Microsoft Visual Studio Solution File, Format Version 12.00
# Visual Studio Version 17
VisualStudioVersion = 17.9.34607.119
MinimumVisualStudioVersion = 10.0.40219.1
Project("{2150E333-8FDC-42A3-9474-1A3956D46DE8}") = "Client", "Client", "{506A7D50-957C-4B35-94BC-5B3298A5A39F}"
EndProject
Project("{2150E333-8FDC-42A3-9474-1A3956D46DE8}") = "Entities", "Entities", "{FBA6094B-9A44-4D85-8674-F697A0A1A00F}"
EndProject
Project("{2150E333-8FDC-42A3-9474-1A3956D46DE8}") = "Interactors", "Interactors", "{6EC2F172-224A-4F85-A9CB-F0BA5BC84E5C}"
EndProject
Project("{2150E333-8FDC-42A3-9474-1A3956D46DE8}") = "Repositories", "Repositories", "{C09F2349-4F27-4ECB-B552-24FD91B37FEA}"
EndProject
Project("{2150E333-8FDC-42A3-9474-1A3956D46DE8}") = "Communications", "Communications", "{D683524A-228D-4D9A-81D0-0648E75A91F8}"
EndProject
Project("{FAE04EC0-301F-11D3-BF4B-00C04F79EFBC}") = "Entities", "..\Entities\Entities.csproj", "{0AEBF637-E2EF-4C98-8E4C-C7378DEBA128}"
EndProject
Project("{FAE04EC0-301F-11D3-BF4B-00C04F79EFBC}") = "Interactors", "..\Interactors\Interactors.csproj", "{1A35E170-A986-4089-AEBE-6D1F0DCCBD1C}"
EndProject
Project("{FAE04EC0-301F-11D3-BF4B-00C04F79EFBC}") = "Repositories", "..\Repositories\Repositories.csproj", "{E7F75363-E549-4784-93FF-4187D3EA32FB}"
EndProject
Project("{FAE04EC0-301F-11D3-BF4B-00C04F79EFBC}") = "Communications", "..\Communications\Communications.csproj", "{CCD41583-DA7E-4850-AD20-40D7C22215BF}"
EndProject
Global
	GlobalSection(SolutionConfigurationPlatforms) = preSolution
		Debug|Any CPU = Debug|Any CPU
		Release|Any CPU = Release|Any CPU
	EndGlobalSection
	GlobalSection(ProjectConfigurationPlatforms) = postSolution
		{0AEBF637-E2EF-4C98-8E4C-C7378DEBA128}.Debug|Any CPU.ActiveCfg = Debug|Any CPU
		{0AEBF637-E2EF-4C98-8E4C-C7378DEBA128}.Debug|Any CPU.Build.0 = Debug|Any CPU
		{0AEBF637-E2EF-4C98-8E4C-C7378DEBA128}.Release|Any CPU.ActiveCfg = Release|Any CPU
		{0AEBF637-E2EF-4C98-8E4C-C7378DEBA128}.Release|Any CPU.Build.0 = Release|Any CPU
		{1A35E170-A986-4089-AEBE-6D1F0DCCBD1C}.Debug|Any CPU.ActiveCfg = Debug|Any CPU
		{1A35E170-A986-4089-AEBE-6D1F0DCCBD1C}.Debug|Any CPU.Build.0 = Debug|Any CPU
		{1A35E170-A986-4089-AEBE-6D1F0DCCBD1C}.Release|Any CPU.ActiveCfg = Release|Any CPU
		{1A35E170-A986-4089-AEBE-6D1F0DCCBD1C}.Release|Any CPU.Build.0 = Release|Any CPU
		{E7F75363-E549-4784-93FF-4187D3EA32FB}.Debug|Any CPU.ActiveCfg = Debug|Any CPU
		{E7F75363-E549-4784-93FF-4187D3EA32FB}.Debug|Any CPU.Build.0 = Debug|Any CPU
		{E7F75363-E549-4784-93FF-4187D3EA32FB}.Release|Any CPU.ActiveCfg = Release|Any CPU
		{E7F75363-E549-4784-93FF-4187D3EA32FB}.Release|Any CPU.Build.0 = Release|Any CPU
		{CCD41583-DA7E-4850-AD20-40D7C22215BF}.Debug|Any CPU.ActiveCfg = Debug|Any CPU
		{CCD41583-DA7E-4850-AD20-40D7C22215BF}.Debug|Any CPU.Build.0 = Debug|Any CPU
		{CCD41583-DA7E-4850-AD20-40D7C22215BF}.Release|Any CPU.ActiveCfg = Release|Any CPU
		{CCD41583-DA7E-4850-AD20-40D7C22215BF}.Release|Any CPU.Build.0 = Release|Any CPU
	EndGlobalSection
	GlobalSection(SolutionProperties) = preSolution
		HideSolutionNode = FALSE
	EndGlobalSection
	GlobalSection(NestedProjects) = preSolution
		{FBA6094B-9A44-4D85-8674-F697A0A1A00F} = {506A7D50-957C-4B35-94BC-5B3298A5A39F}
		{6EC2F172-224A-4F85-A9CB-F0BA5BC84E5C} = {506A7D50-957C-4B35-94BC-5B3298A5A39F}
		{C09F2349-4F27-4ECB-B552-24FD91B37FEA} = {506A7D50-957C-4B35-94BC-5B3298A5A39F}
		{D683524A-228D-4D9A-81D0-0648E75A91F8} = {506A7D50-957C-4B35-94BC-5B3298A5A39F}
		{0AEBF637-E2EF-4C98-8E4C-C7378DEBA128} = {FBA6094B-9A44-4D85-8674-F697A0A1A00F}
		{1A35E170-A986-4089-AEBE-6D1F0DCCBD1C} = {6EC2F172-224A-4F85-A9CB-F0BA5BC84E5C}
		{E7F75363-E549-4784-93FF-4187D3EA32FB} = {C09F2349-4F27-4ECB-B552-24FD91B37FEA}
		{CCD41583-DA7E-4850-AD20-40D7C22215BF} = {D683524A-228D-4D9A-81D0-0648E75A91F8}
	EndGlobalSection
	GlobalSection(ExtensibilityGlobals) = postSolution
		SolutionGuid = {745A345F-CD8F-402B-B17B-5791625C8460}
	EndGlobalSection
EndGlobal
