
Microsoft Visual Studio Solution File, Format Version 12.00
# Visual Studio Version 17
VisualStudioVersion = 17.9.34607.119
MinimumVisualStudioVersion = 10.0.40219.1
Project("{2150E333-8FDC-42A3-9474-1A3956D46DE8}") = "Server", "Server", "{3AFC2F9A-2724-49C8-8EC6-E498662D54ED}"
EndProject
Project("{2150E333-8FDC-42A3-9474-1A3956D46DE8}") = "Entities", "Entities", "{3B0368E1-2F1C-4F62-AE2C-76C69B972AB5}"
EndProject
Project("{2150E333-8FDC-42A3-9474-1A3956D46DE8}") = "Interactors", "Interactors", "{CE86057F-9748-435E-B74B-8C9AF6C28353}"
EndProject
Project("{2150E333-8FDC-42A3-9474-1A3956D46DE8}") = "Repositories", "Repositories", "{11A75557-2324-412B-BA8B-7A8E0EB66DF7}"
EndProject
Project("{9A19103F-16F7-4668-BE54-9A1E7A4F7556}") = "Entities", "..\Server\Entities\Entities.csproj", "{3210F3C6-581C-444A-A150-2C3EE4B10F38}"
EndProject
Project("{9A19103F-16F7-4668-BE54-9A1E7A4F7556}") = "Communications", "..\Server\Communications\Communications.csproj", "{2C0D0F65-AE23-487A-A11E-915C3AF8D496}"
EndProject
Project("{9A19103F-16F7-4668-BE54-9A1E7A4F7556}") = "Interactors", "..\Server\Interactors\Interactors.csproj", "{1826EB5E-2E40-4325-AB9F-1C8BD4D56FCB}"
EndProject
Project("{9A19103F-16F7-4668-BE54-9A1E7A4F7556}") = "Repositories", "..\Server\Repositories\Repositories.csproj", "{1DB99585-042E-4E52-9ECB-423B1FDBB7E7}"
EndProject
Project("{2150E333-8FDC-42A3-9474-1A3956D46DE8}") = "Communications", "Communications", "{8FF2199D-5CA5-4F63-B035-CB366FA14160}"
EndProject
Project("{2150E333-8FDC-42A3-9474-1A3956D46DE8}") = "Client", "Client", "{33731D5A-1589-4806-89C6-125BCA4814AE}"
EndProject
Project("{2150E333-8FDC-42A3-9474-1A3956D46DE8}") = "WebAPI", "WebAPI", "{88246D26-C539-4E0A-AE2B-A2220185043B}"
EndProject
Project("{2150E333-8FDC-42A3-9474-1A3956D46DE8}") = "Entities", "Entities", "{8ED4E576-DC44-4F0F-9C98-AD98BE9464FF}"
EndProject
Project("{2150E333-8FDC-42A3-9474-1A3956D46DE8}") = "Communications", "Communications", "{EC923916-B464-4092-8B35-2D481E7E02D0}"
EndProject
Project("{2150E333-8FDC-42A3-9474-1A3956D46DE8}") = "Domain", "Domain", "{63770363-D66F-4E96-A957-4D585E0190AA}"
EndProject
Project("{2150E333-8FDC-42A3-9474-1A3956D46DE8}") = "Application", "Application", "{35A91B9D-0B08-41CB-BB96-AE652986D72F}"
EndProject
Project("{9A19103F-16F7-4668-BE54-9A1E7A4F7556}") = "Entities", "..\Client\Entities\Entities.csproj", "{ED8B4B78-99E6-43C1-BA48-42B3EA811DBA}"
EndProject
Global
	GlobalSection(SolutionConfigurationPlatforms) = preSolution
		Debug|Any CPU = Debug|Any CPU
		Release|Any CPU = Release|Any CPU
	EndGlobalSection
	GlobalSection(ProjectConfigurationPlatforms) = postSolution
		{3210F3C6-581C-444A-A150-2C3EE4B10F38}.Debug|Any CPU.ActiveCfg = Debug|Any CPU
		{3210F3C6-581C-444A-A150-2C3EE4B10F38}.Debug|Any CPU.Build.0 = Debug|Any CPU
		{3210F3C6-581C-444A-A150-2C3EE4B10F38}.Release|Any CPU.ActiveCfg = Release|Any CPU
		{3210F3C6-581C-444A-A150-2C3EE4B10F38}.Release|Any CPU.Build.0 = Release|Any CPU
		{2C0D0F65-AE23-487A-A11E-915C3AF8D496}.Debug|Any CPU.ActiveCfg = Debug|Any CPU
		{2C0D0F65-AE23-487A-A11E-915C3AF8D496}.Debug|Any CPU.Build.0 = Debug|Any CPU
		{2C0D0F65-AE23-487A-A11E-915C3AF8D496}.Release|Any CPU.ActiveCfg = Release|Any CPU
		{2C0D0F65-AE23-487A-A11E-915C3AF8D496}.Release|Any CPU.Build.0 = Release|Any CPU
		{1826EB5E-2E40-4325-AB9F-1C8BD4D56FCB}.Debug|Any CPU.ActiveCfg = Debug|Any CPU
		{1826EB5E-2E40-4325-AB9F-1C8BD4D56FCB}.Debug|Any CPU.Build.0 = Debug|Any CPU
		{1826EB5E-2E40-4325-AB9F-1C8BD4D56FCB}.Release|Any CPU.ActiveCfg = Release|Any CPU
		{1826EB5E-2E40-4325-AB9F-1C8BD4D56FCB}.Release|Any CPU.Build.0 = Release|Any CPU
		{1DB99585-042E-4E52-9ECB-423B1FDBB7E7}.Debug|Any CPU.ActiveCfg = Debug|Any CPU
		{1DB99585-042E-4E52-9ECB-423B1FDBB7E7}.Debug|Any CPU.Build.0 = Debug|Any CPU
		{1DB99585-042E-4E52-9ECB-423B1FDBB7E7}.Release|Any CPU.ActiveCfg = Release|Any CPU
		{1DB99585-042E-4E52-9ECB-423B1FDBB7E7}.Release|Any CPU.Build.0 = Release|Any CPU
		{ED8B4B78-99E6-43C1-BA48-42B3EA811DBA}.Debug|Any CPU.ActiveCfg = Debug|Any CPU
		{ED8B4B78-99E6-43C1-BA48-42B3EA811DBA}.Debug|Any CPU.Build.0 = Debug|Any CPU
		{ED8B4B78-99E6-43C1-BA48-42B3EA811DBA}.Release|Any CPU.ActiveCfg = Release|Any CPU
		{ED8B4B78-99E6-43C1-BA48-42B3EA811DBA}.Release|Any CPU.Build.0 = Release|Any CPU
	EndGlobalSection
	GlobalSection(SolutionProperties) = preSolution
		HideSolutionNode = FALSE
	EndGlobalSection
	GlobalSection(NestedProjects) = preSolution
		{3B0368E1-2F1C-4F62-AE2C-76C69B972AB5} = {3AFC2F9A-2724-49C8-8EC6-E498662D54ED}
		{CE86057F-9748-435E-B74B-8C9AF6C28353} = {3AFC2F9A-2724-49C8-8EC6-E498662D54ED}
		{11A75557-2324-412B-BA8B-7A8E0EB66DF7} = {3AFC2F9A-2724-49C8-8EC6-E498662D54ED}
		{3210F3C6-581C-444A-A150-2C3EE4B10F38} = {3B0368E1-2F1C-4F62-AE2C-76C69B972AB5}
		{2C0D0F65-AE23-487A-A11E-915C3AF8D496} = {8FF2199D-5CA5-4F63-B035-CB366FA14160}
		{1826EB5E-2E40-4325-AB9F-1C8BD4D56FCB} = {CE86057F-9748-435E-B74B-8C9AF6C28353}
		{1DB99585-042E-4E52-9ECB-423B1FDBB7E7} = {11A75557-2324-412B-BA8B-7A8E0EB66DF7}
		{8FF2199D-5CA5-4F63-B035-CB366FA14160} = {3AFC2F9A-2724-49C8-8EC6-E498662D54ED}
		{8ED4E576-DC44-4F0F-9C98-AD98BE9464FF} = {33731D5A-1589-4806-89C6-125BCA4814AE}
		{EC923916-B464-4092-8B35-2D481E7E02D0} = {33731D5A-1589-4806-89C6-125BCA4814AE}
		{63770363-D66F-4E96-A957-4D585E0190AA} = {88246D26-C539-4E0A-AE2B-A2220185043B}
		{35A91B9D-0B08-41CB-BB96-AE652986D72F} = {88246D26-C539-4E0A-AE2B-A2220185043B}
		{ED8B4B78-99E6-43C1-BA48-42B3EA811DBA} = {8ED4E576-DC44-4F0F-9C98-AD98BE9464FF}
	EndGlobalSection
	GlobalSection(ExtensibilityGlobals) = postSolution
		SolutionGuid = {DE58C0FE-9A14-4205-A271-070F40B24293}
	EndGlobalSection
EndGlobal
