
Microsoft Visual Studio Solution File, Format Version 12.00
# Visual Studio Version 17
VisualStudioVersion = 17.9.34607.119
MinimumVisualStudioVersion = 10.0.40219.1
Project("{9A19103F-16F7-4668-BE54-9A1E7A4F7556}") = "WebAPI", "WebAPI\WebAPI.csproj", "{A0BB5FD9-1677-4ED8-8632-5526A9A5A992}"
EndProject
Project("{9A19103F-16F7-4668-BE54-9A1E7A4F7556}") = "Shared", "Shared\Shared.csproj", "{08A01156-7E10-440F-804E-B15E07E22C4E}"
EndProject
Project("{9A19103F-16F7-4668-BE54-9A1E7A4F7556}") = "OrderConfirmationService", "OrderConfirmationService\OrderConfirmationService.csproj", "{6A99C694-1CE7-4CB3-BBAF-964E5192584A}"
EndProject
Project("{2150E333-8FDC-42A3-9474-1A3956D46DE8}") = "WebAPIs", "WebAPIs", "{E9D2F8AA-6513-4D73-8CDA-F2D45BE08A88}"
EndProject
Project("{2150E333-8FDC-42A3-9474-1A3956D46DE8}") = "Domain", "Domain", "{143E3722-3A14-4E0E-B443-005F1293D0CC}"
EndProject
Project("{2150E333-8FDC-42A3-9474-1A3956D46DE8}") = "Application", "Application", "{A3837F35-4855-4D55-8713-6FC414AE042F}"
EndProject
Project("{2150E333-8FDC-42A3-9474-1A3956D46DE8}") = "Persistance", "Persistance", "{C89494E4-F797-4B5B-B9CE-2F502202D4BF}"
EndProject
Project("{2150E333-8FDC-42A3-9474-1A3956D46DE8}") = "WebAPI", "WebAPI", "{0EC98435-5515-44EE-B3C9-18F0F3F547F9}"
EndProject
Global
	GlobalSection(SolutionConfigurationPlatforms) = preSolution
		Debug|Any CPU = Debug|Any CPU
		Release|Any CPU = Release|Any CPU
	EndGlobalSection
	GlobalSection(ProjectConfigurationPlatforms) = postSolution
		{A0BB5FD9-1677-4ED8-8632-5526A9A5A992}.Debug|Any CPU.ActiveCfg = Debug|Any CPU
		{A0BB5FD9-1677-4ED8-8632-5526A9A5A992}.Debug|Any CPU.Build.0 = Debug|Any CPU
		{A0BB5FD9-1677-4ED8-8632-5526A9A5A992}.Release|Any CPU.ActiveCfg = Release|Any CPU
		{A0BB5FD9-1677-4ED8-8632-5526A9A5A992}.Release|Any CPU.Build.0 = Release|Any CPU
		{08A01156-7E10-440F-804E-B15E07E22C4E}.Debug|Any CPU.ActiveCfg = Debug|Any CPU
		{08A01156-7E10-440F-804E-B15E07E22C4E}.Debug|Any CPU.Build.0 = Debug|Any CPU
		{08A01156-7E10-440F-804E-B15E07E22C4E}.Release|Any CPU.ActiveCfg = Release|Any CPU
		{08A01156-7E10-440F-804E-B15E07E22C4E}.Release|Any CPU.Build.0 = Release|Any CPU
		{6A99C694-1CE7-4CB3-BBAF-964E5192584A}.Debug|Any CPU.ActiveCfg = Debug|Any CPU
		{6A99C694-1CE7-4CB3-BBAF-964E5192584A}.Debug|Any CPU.Build.0 = Debug|Any CPU
		{6A99C694-1CE7-4CB3-BBAF-964E5192584A}.Release|Any CPU.ActiveCfg = Release|Any CPU
		{6A99C694-1CE7-4CB3-BBAF-964E5192584A}.Release|Any CPU.Build.0 = Release|Any CPU
	EndGlobalSection
	GlobalSection(SolutionProperties) = preSolution
		HideSolutionNode = FALSE
	EndGlobalSection
	GlobalSection(NestedProjects) = preSolution
		{143E3722-3A14-4E0E-B443-005F1293D0CC} = {E9D2F8AA-6513-4D73-8CDA-F2D45BE08A88}
		{A3837F35-4855-4D55-8713-6FC414AE042F} = {E9D2F8AA-6513-4D73-8CDA-F2D45BE08A88}
		{C89494E4-F797-4B5B-B9CE-2F502202D4BF} = {E9D2F8AA-6513-4D73-8CDA-F2D45BE08A88}
		{0EC98435-5515-44EE-B3C9-18F0F3F547F9} = {E9D2F8AA-6513-4D73-8CDA-F2D45BE08A88}
	EndGlobalSection
	GlobalSection(ExtensibilityGlobals) = postSolution
		SolutionGuid = {7A8D74B1-DE99-4775-9B23-F8E1C3E64058}
	EndGlobalSection
EndGlobal
