
Microsoft Visual Studio Solution File, Format Version 12.00
# Visual Studio Version 17
VisualStudioVersion = 17.9.34607.119
MinimumVisualStudioVersion = 10.0.40219.1
Project("{2150E333-8FDC-42A3-9474-1A3956D46DE8}") = "WebAPI.Backend", "WebAPI.Backend", "{045A45F3-E793-4F55-A0F0-243C60BF2DA8}"
EndProject
Project("{2150E333-8FDC-42A3-9474-1A3956D46DE8}") = "Core", "Core", "{DC7B7850-1282-41AB-B4C9-3540BE5F4EF2}"
EndProject
Project("{9A19103F-16F7-4668-BE54-9A1E7A4F7556}") = "Domain", "WebAPI.Backend\Domain\Domain.csproj", "{6315D9C4-DEEC-45BD-AFE6-6092103BADD8}"
EndProject
Project("{9A19103F-16F7-4668-BE54-9A1E7A4F7556}") = "Application", "WebAPI.Backend\Application\Application.csproj", "{123D88DC-2860-4E15-B3C2-988FED4CD57C}"
EndProject
Project("{2150E333-8FDC-42A3-9474-1A3956D46DE8}") = "Infrastructure", "Infrastructure", "{552BE1C7-79D2-429D-853E-AB1FB2A3FF9A}"
EndProject
Project("{9A19103F-16F7-4668-BE54-9A1E7A4F7556}") = "Persistance", "WebAPI.Backend\Persistance\Persistance.csproj", "{70420159-8624-4127-9540-3758356E4A17}"
EndProject
Project("{9A19103F-16F7-4668-BE54-9A1E7A4F7556}") = "Shared", "WebAPI.Backend\Shared\Shared.csproj", "{BF597CBE-6BA6-47D2-BF03-4B05091E4A7C}"
EndProject
Project("{2150E333-8FDC-42A3-9474-1A3956D46DE8}") = "Presentation", "Presentation", "{994E99D2-23E2-4E70-86B3-6BB667179AF9}"
EndProject
Project("{9A19103F-16F7-4668-BE54-9A1E7A4F7556}") = "WebAPI", "WebAPI.Backend\Presentation\WebAPI\WebAPI.csproj", "{3401E2FF-4064-461D-BDA7-733EDE1C44EA}"
EndProject
Project("{2150E333-8FDC-42A3-9474-1A3956D46DE8}") = "Элементы решения", "Элементы решения", "{B562402B-00F8-49ED-AA62-499D19EC4AD0}"
	ProjectSection(SolutionItems) = preProject
		docker-compose.yml = docker-compose.yml
	EndProjectSection
EndProject
Global
	GlobalSection(SolutionConfigurationPlatforms) = preSolution
		Debug|Any CPU = Debug|Any CPU
		Release|Any CPU = Release|Any CPU
	EndGlobalSection
	GlobalSection(ProjectConfigurationPlatforms) = postSolution
		{6315D9C4-DEEC-45BD-AFE6-6092103BADD8}.Debug|Any CPU.ActiveCfg = Debug|Any CPU
		{6315D9C4-DEEC-45BD-AFE6-6092103BADD8}.Debug|Any CPU.Build.0 = Debug|Any CPU
		{6315D9C4-DEEC-45BD-AFE6-6092103BADD8}.Release|Any CPU.ActiveCfg = Release|Any CPU
		{6315D9C4-DEEC-45BD-AFE6-6092103BADD8}.Release|Any CPU.Build.0 = Release|Any CPU
		{123D88DC-2860-4E15-B3C2-988FED4CD57C}.Debug|Any CPU.ActiveCfg = Debug|Any CPU
		{123D88DC-2860-4E15-B3C2-988FED4CD57C}.Debug|Any CPU.Build.0 = Debug|Any CPU
		{123D88DC-2860-4E15-B3C2-988FED4CD57C}.Release|Any CPU.ActiveCfg = Release|Any CPU
		{123D88DC-2860-4E15-B3C2-988FED4CD57C}.Release|Any CPU.Build.0 = Release|Any CPU
		{70420159-8624-4127-9540-3758356E4A17}.Debug|Any CPU.ActiveCfg = Debug|Any CPU
		{70420159-8624-4127-9540-3758356E4A17}.Debug|Any CPU.Build.0 = Debug|Any CPU
		{70420159-8624-4127-9540-3758356E4A17}.Release|Any CPU.ActiveCfg = Release|Any CPU
		{70420159-8624-4127-9540-3758356E4A17}.Release|Any CPU.Build.0 = Release|Any CPU
		{BF597CBE-6BA6-47D2-BF03-4B05091E4A7C}.Debug|Any CPU.ActiveCfg = Debug|Any CPU
		{BF597CBE-6BA6-47D2-BF03-4B05091E4A7C}.Debug|Any CPU.Build.0 = Debug|Any CPU
		{BF597CBE-6BA6-47D2-BF03-4B05091E4A7C}.Release|Any CPU.ActiveCfg = Release|Any CPU
		{BF597CBE-6BA6-47D2-BF03-4B05091E4A7C}.Release|Any CPU.Build.0 = Release|Any CPU
		{3401E2FF-4064-461D-BDA7-733EDE1C44EA}.Debug|Any CPU.ActiveCfg = Debug|Any CPU
		{3401E2FF-4064-461D-BDA7-733EDE1C44EA}.Debug|Any CPU.Build.0 = Debug|Any CPU
		{3401E2FF-4064-461D-BDA7-733EDE1C44EA}.Release|Any CPU.ActiveCfg = Release|Any CPU
		{3401E2FF-4064-461D-BDA7-733EDE1C44EA}.Release|Any CPU.Build.0 = Release|Any CPU
	EndGlobalSection
	GlobalSection(SolutionProperties) = preSolution
		HideSolutionNode = FALSE
	EndGlobalSection
	GlobalSection(NestedProjects) = preSolution
		{DC7B7850-1282-41AB-B4C9-3540BE5F4EF2} = {045A45F3-E793-4F55-A0F0-243C60BF2DA8}
		{6315D9C4-DEEC-45BD-AFE6-6092103BADD8} = {DC7B7850-1282-41AB-B4C9-3540BE5F4EF2}
		{123D88DC-2860-4E15-B3C2-988FED4CD57C} = {DC7B7850-1282-41AB-B4C9-3540BE5F4EF2}
		{552BE1C7-79D2-429D-853E-AB1FB2A3FF9A} = {045A45F3-E793-4F55-A0F0-243C60BF2DA8}
		{70420159-8624-4127-9540-3758356E4A17} = {552BE1C7-79D2-429D-853E-AB1FB2A3FF9A}
		{BF597CBE-6BA6-47D2-BF03-4B05091E4A7C} = {552BE1C7-79D2-429D-853E-AB1FB2A3FF9A}
		{994E99D2-23E2-4E70-86B3-6BB667179AF9} = {045A45F3-E793-4F55-A0F0-243C60BF2DA8}
		{3401E2FF-4064-461D-BDA7-733EDE1C44EA} = {994E99D2-23E2-4E70-86B3-6BB667179AF9}
	EndGlobalSection
	GlobalSection(ExtensibilityGlobals) = postSolution
		SolutionGuid = {7A8D74B1-DE99-4775-9B23-F8E1C3E64058}
	EndGlobalSection
EndGlobal
