
Microsoft Visual Studio Solution File, Format Version 12.00
# Visual Studio Version 17
VisualStudioVersion = 17.9.34607.119
MinimumVisualStudioVersion = 10.0.40219.1
Project("{2150E333-8FDC-42A3-9474-1A3956D46DE8}") = "WebAPI", "WebAPI", "{045A45F3-E793-4F55-A0F0-243C60BF2DA8}"
EndProject
Project("{2150E333-8FDC-42A3-9474-1A3956D46DE8}") = "Core", "Core", "{DC7B7850-1282-41AB-B4C9-3540BE5F4EF2}"
EndProject
Project("{2150E333-8FDC-42A3-9474-1A3956D46DE8}") = "Container", "Container", "{7555D0F1-AE81-4EA1-B9C1-8671BE53EB97}"
EndProject
Project("{2150E333-8FDC-42A3-9474-1A3956D46DE8}") = "Новая папка1", "Новая папка1", "{C2BCF40B-8769-4B8E-8586-B99280EAFF78}"
EndProject
Project("{2150E333-8FDC-42A3-9474-1A3956D46DE8}") = "Infrastructure", "Infrastructure", "{82EA474C-C363-41F1-A379-309FD95DF363}"
EndProject
Project("{2150E333-8FDC-42A3-9474-1A3956D46DE8}") = "Presentations", "Presentations", "{AE9A3F04-1B3D-4913-92AA-41CC1155C5FB}"
EndProject
Project("{FAE04EC0-301F-11D3-BF4B-00C04F79EFBC}") = "WebAPI.Domain", "WebAPI.Domain\WebAPI.Domain.csproj", "{6315D9C4-DEEC-45BD-AFE6-6092103BADD8}"
EndProject
Project("{FAE04EC0-301F-11D3-BF4B-00C04F79EFBC}") = "WebAPI.Application", "WebAPI.Application\WebAPI.Application.csproj", "{123D88DC-2860-4E15-B3C2-988FED4CD57C}"
EndProject
Global
	GlobalSection(SolutionConfigurationPlatforms) = preSolution
		Debug|Any CPU = Debug|Any CPU
		Release|Any CPU = Release|Any CPU
	EndGlobalSection
	GlobalSection(ProjectConfigurationPlatforms) = postSolution
		{6315D9C4-DEEC-45BD-AFE6-6092103BADD8}.Debug|Any CPU.ActiveCfg = Debug|Any CPU
		{6315D9C4-DEEC-45BD-AFE6-6092103BADD8}.Debug|Any CPU.Build.0 = Debug|Any CPU
		{6315D9C4-DEEC-45BD-AFE6-6092103BADD8}.Release|Any CPU.ActiveCfg = Release|Any CPU
		{6315D9C4-DEEC-45BD-AFE6-6092103BADD8}.Release|Any CPU.Build.0 = Release|Any CPU
		{123D88DC-2860-4E15-B3C2-988FED4CD57C}.Debug|Any CPU.ActiveCfg = Debug|Any CPU
		{123D88DC-2860-4E15-B3C2-988FED4CD57C}.Debug|Any CPU.Build.0 = Debug|Any CPU
		{123D88DC-2860-4E15-B3C2-988FED4CD57C}.Release|Any CPU.ActiveCfg = Release|Any CPU
		{123D88DC-2860-4E15-B3C2-988FED4CD57C}.Release|Any CPU.Build.0 = Release|Any CPU
	EndGlobalSection
	GlobalSection(SolutionProperties) = preSolution
		HideSolutionNode = FALSE
	EndGlobalSection
	GlobalSection(NestedProjects) = preSolution
		{DC7B7850-1282-41AB-B4C9-3540BE5F4EF2} = {045A45F3-E793-4F55-A0F0-243C60BF2DA8}
		{7555D0F1-AE81-4EA1-B9C1-8671BE53EB97} = {045A45F3-E793-4F55-A0F0-243C60BF2DA8}
		{C2BCF40B-8769-4B8E-8586-B99280EAFF78} = {045A45F3-E793-4F55-A0F0-243C60BF2DA8}
		{82EA474C-C363-41F1-A379-309FD95DF363} = {045A45F3-E793-4F55-A0F0-243C60BF2DA8}
		{AE9A3F04-1B3D-4913-92AA-41CC1155C5FB} = {045A45F3-E793-4F55-A0F0-243C60BF2DA8}
		{6315D9C4-DEEC-45BD-AFE6-6092103BADD8} = {DC7B7850-1282-41AB-B4C9-3540BE5F4EF2}
		{123D88DC-2860-4E15-B3C2-988FED4CD57C} = {DC7B7850-1282-41AB-B4C9-3540BE5F4EF2}
	EndGlobalSection
	GlobalSection(ExtensibilityGlobals) = postSolution
		SolutionGuid = {7A8D74B1-DE99-4775-9B23-F8E1C3E64058}
	EndGlobalSection
EndGlobal
